
Microsoft Visual Studio Solution File, Format Version 12.00
# Visual Studio 2013
VisualStudioVersion = 12.0.31101.0
MinimumVisualStudioVersion = 10.0.40219.1
Project("{FAE04EC0-301F-11D3-BF4B-00C04F79EFBC}") = "StreamLauncher.Wpf", "StreamLauncher.Wpf\StreamLauncher.Wpf.csproj", "{E6CADDF4-B09A-4544-9883-9EF8B7E60A9D}"
EndProject
Project("{2150E333-8FDC-42A3-9474-1A3956D46DE8}") = ".nuget", ".nuget", "{A7A3E0E2-A68A-4B41-9310-9A20DA13FD83}"
	ProjectSection(SolutionItems) = preProject
		.nuget\NuGet.Config = .nuget\NuGet.Config
		.nuget\NuGet.exe = .nuget\NuGet.exe
		.nuget\NuGet.targets = .nuget\NuGet.targets
	EndProjectSection
EndProject
Project("{FAE04EC0-301F-11D3-BF4B-00C04F79EFBC}") = "StreamLauncher", "StreamLauncher\StreamLauncher.csproj", "{85FE8BD4-EBB0-47D4-B51F-9679D2ABC139}"
EndProject
Project("{FAE04EC0-301F-11D3-BF4B-00C04F79EFBC}") = "StreamLauncher.Tests.Unit", "StreamLauncher.Tests.Unit\StreamLauncher.Tests.Unit.csproj", "{E3099F41-82CB-4917-9835-CFEC8AC49D3C}"
EndProject
Project("{2150E333-8FDC-42A3-9474-1A3956D46DE8}") = "Solution Items", "Solution Items", "{56A869C5-A706-4AE0-9CFD-F64AF75EB07D}"
	ProjectSection(SolutionItems) = preProject
		.gitignore = .gitignore
		README.md = README.md
		todo.txt = todo.txt
	EndProjectSection
EndProject
Project("{FAE04EC0-301F-11D3-BF4B-00C04F79EFBC}") = "StreamLauncher.Tests.Integration", "StreamLauncher.Tests.Integration\StreamLauncher.Tests.Integration.csproj", "{3B1E110A-0C94-40BD-BD2D-EA9CF994D64C}"
EndProject
Global
	GlobalSection(SolutionConfigurationPlatforms) = preSolution
		Debug|Any CPU = Debug|Any CPU
		Release|Any CPU = Release|Any CPU
	EndGlobalSection
	GlobalSection(ProjectConfigurationPlatforms) = postSolution
		{E6CADDF4-B09A-4544-9883-9EF8B7E60A9D}.Debug|Any CPU.ActiveCfg = Debug|Any CPU
		{E6CADDF4-B09A-4544-9883-9EF8B7E60A9D}.Debug|Any CPU.Build.0 = Debug|Any CPU
		{E6CADDF4-B09A-4544-9883-9EF8B7E60A9D}.Release|Any CPU.ActiveCfg = Release|Any CPU
		{E6CADDF4-B09A-4544-9883-9EF8B7E60A9D}.Release|Any CPU.Build.0 = Release|Any CPU
		{85FE8BD4-EBB0-47D4-B51F-9679D2ABC139}.Debug|Any CPU.ActiveCfg = Debug|Any CPU
		{85FE8BD4-EBB0-47D4-B51F-9679D2ABC139}.Debug|Any CPU.Build.0 = Debug|Any CPU
		{85FE8BD4-EBB0-47D4-B51F-9679D2ABC139}.Release|Any CPU.ActiveCfg = Release|Any CPU
		{85FE8BD4-EBB0-47D4-B51F-9679D2ABC139}.Release|Any CPU.Build.0 = Release|Any CPU
		{E3099F41-82CB-4917-9835-CFEC8AC49D3C}.Debug|Any CPU.ActiveCfg = Debug|Any CPU
		{E3099F41-82CB-4917-9835-CFEC8AC49D3C}.Debug|Any CPU.Build.0 = Debug|Any CPU
		{E3099F41-82CB-4917-9835-CFEC8AC49D3C}.Release|Any CPU.ActiveCfg = Release|Any CPU
		{E3099F41-82CB-4917-9835-CFEC8AC49D3C}.Release|Any CPU.Build.0 = Release|Any CPU
		{3B1E110A-0C94-40BD-BD2D-EA9CF994D64C}.Debug|Any CPU.ActiveCfg = Debug|Any CPU
		{3B1E110A-0C94-40BD-BD2D-EA9CF994D64C}.Debug|Any CPU.Build.0 = Debug|Any CPU
		{3B1E110A-0C94-40BD-BD2D-EA9CF994D64C}.Release|Any CPU.ActiveCfg = Release|Any CPU
		{3B1E110A-0C94-40BD-BD2D-EA9CF994D64C}.Release|Any CPU.Build.0 = Release|Any CPU
	EndGlobalSection
	GlobalSection(SolutionProperties) = preSolution
		HideSolutionNode = FALSE
	EndGlobalSection
EndGlobal
